// !$*UTF8*$!
{
	archiveVersion = 1;
	classes = {
	};
	objectVersion = 50;
	objects = {

/* Begin PBXBuildFile section */
		836DA97322A10CB100BB9A04 /* AppDelegate.m in Sources */ = {isa = PBXBuildFile; fileRef = 836DA97222A10CB100BB9A04 /* AppDelegate.m */; };
		836DA97622A10CB100BB9A04 /* ViewController.m in Sources */ = {isa = PBXBuildFile; fileRef = 836DA97522A10CB100BB9A04 /* ViewController.m */; };
		836DA97922A10CB100BB9A04 /* Main.storyboard in Resources */ = {isa = PBXBuildFile; fileRef = 836DA97722A10CB100BB9A04 /* Main.storyboard */; };
		836DA97B22A10CB200BB9A04 /* Assets.xcassets in Resources */ = {isa = PBXBuildFile; fileRef = 836DA97A22A10CB200BB9A04 /* Assets.xcassets */; };
		836DA97E22A10CB200BB9A04 /* LaunchScreen.storyboard in Resources */ = {isa = PBXBuildFile; fileRef = 836DA97C22A10CB200BB9A04 /* LaunchScreen.storyboard */; };
		836DA98122A10CB200BB9A04 /* main.m in Sources */ = {isa = PBXBuildFile; fileRef = 836DA98022A10CB200BB9A04 /* main.m */; };
		836DA98B22A10CB300BB9A04 /* MailListTests.m in Sources */ = {isa = PBXBuildFile; fileRef = 836DA98A22A10CB300BB9A04 /* MailListTests.m */; };
		836DA99622A10CB300BB9A04 /* MailListUITests.m in Sources */ = {isa = PBXBuildFile; fileRef = 836DA99522A10CB300BB9A04 /* MailListUITests.m */; };
/* End PBXBuildFile section */

/* Begin PBXContainerItemProxy section */
		836DA98722A10CB300BB9A04 /* PBXContainerItemProxy */ = {
			isa = PBXContainerItemProxy;
			containerPortal = 836DA96622A10CB100BB9A04 /* Project object */;
			proxyType = 1;
			remoteGlobalIDString = 836DA96D22A10CB100BB9A04;
			remoteInfo = MailList;
		};
		836DA99222A10CB300BB9A04 /* PBXContainerItemProxy */ = {
			isa = PBXContainerItemProxy;
			containerPortal = 836DA96622A10CB100BB9A04 /* Project object */;
			proxyType = 1;
			remoteGlobalIDString = 836DA96D22A10CB100BB9A04;
			remoteInfo = MailList;
		};
/* End PBXContainerItemProxy section */

/* Begin PBXFileReference section */
		836DA96E22A10CB100BB9A04 /* MailList.app */ = {isa = PBXFileReference; explicitFileType = wrapper.application; includeInIndex = 0; path = MailList.app; sourceTree = BUILT_PRODUCTS_DIR; };
		836DA97122A10CB100BB9A04 /* AppDelegate.h */ = {isa = PBXFileReference; lastKnownFileType = sourcecode.c.h; path = AppDelegate.h; sourceTree = "<group>"; };
		836DA97222A10CB100BB9A04 /* AppDelegate.m */ = {isa = PBXFileReference; lastKnownFileType = sourcecode.c.objc; path = AppDelegate.m; sourceTree = "<group>"; };
		836DA97422A10CB100BB9A04 /* ViewController.h */ = {isa = PBXFileReference; lastKnownFileType = sourcecode.c.h; path = ViewController.h; sourceTree = "<group>"; };
		836DA97522A10CB100BB9A04 /* ViewController.m */ = {isa = PBXFileReference; lastKnownFileType = sourcecode.c.objc; path = ViewController.m; sourceTree = "<group>"; };
		836DA97822A10CB100BB9A04 /* Base */ = {isa = PBXFileReference; lastKnownFileType = file.storyboard; name = Base; path = Base.lproj/Main.storyboard; sourceTree = "<group>"; };
		836DA97A22A10CB200BB9A04 /* Assets.xcassets */ = {isa = PBXFileReference; lastKnownFileType = folder.assetcatalog; path = Assets.xcassets; sourceTree = "<group>"; };
		836DA97D22A10CB200BB9A04 /* Base */ = {isa = PBXFileReference; lastKnownFileType = file.storyboard; name = Base; path = Base.lproj/LaunchScreen.storyboard; sourceTree = "<group>"; };
		836DA97F22A10CB200BB9A04 /* Info.plist */ = {isa = PBXFileReference; lastKnownFileType = text.plist.xml; path = Info.plist; sourceTree = "<group>"; };
		836DA98022A10CB200BB9A04 /* main.m */ = {isa = PBXFileReference; lastKnownFileType = sourcecode.c.objc; path = main.m; sourceTree = "<group>"; };
		836DA98622A10CB300BB9A04 /* MailListTests.xctest */ = {isa = PBXFileReference; explicitFileType = wrapper.cfbundle; includeInIndex = 0; path = MailListTests.xctest; sourceTree = BUILT_PRODUCTS_DIR; };
		836DA98A22A10CB300BB9A04 /* MailListTests.m */ = {isa = PBXFileReference; lastKnownFileType = sourcecode.c.objc; path = MailListTests.m; sourceTree = "<group>"; };
		836DA98C22A10CB300BB9A04 /* Info.plist */ = {isa = PBXFileReference; lastKnownFileType = text.plist.xml; path = Info.plist; sourceTree = "<group>"; };
		836DA99122A10CB300BB9A04 /* MailListUITests.xctest */ = {isa = PBXFileReference; explicitFileType = wrapper.cfbundle; includeInIndex = 0; path = MailListUITests.xctest; sourceTree = BUILT_PRODUCTS_DIR; };
		836DA99522A10CB300BB9A04 /* MailListUITests.m */ = {isa = PBXFileReference; lastKnownFileType = sourcecode.c.objc; path = MailListUITests.m; sourceTree = "<group>"; };
		836DA99722A10CB300BB9A04 /* Info.plist */ = {isa = PBXFileReference; lastKnownFileType = text.plist.xml; path = Info.plist; sourceTree = "<group>"; };
/* End PBXFileReference section */

/* Begin PBXFrameworksBuildPhase section */
		836DA96B22A10CB100BB9A04 /* Frameworks */ = {
			isa = PBXFrameworksBuildPhase;
			buildActionMask = 2147483647;
			files = (
			);
			runOnlyForDeploymentPostprocessing = 0;
		};
		836DA98322A10CB300BB9A04 /* Frameworks */ = {
			isa = PBXFrameworksBuildPhase;
			buildActionMask = 2147483647;
			files = (
			);
			runOnlyForDeploymentPostprocessing = 0;
		};
		836DA98E22A10CB300BB9A04 /* Frameworks */ = {
			isa = PBXFrameworksBuildPhase;
			buildActionMask = 2147483647;
			files = (
			);
			runOnlyForDeploymentPostprocessing = 0;
		};
/* End PBXFrameworksBuildPhase section */

/* Begin PBXGroup section */
		836DA96522A10CB100BB9A04 = {
			isa = PBXGroup;
			children = (
				836DA97022A10CB100BB9A04 /* MailList */,
				836DA98922A10CB300BB9A04 /* MailListTests */,
				836DA99422A10CB300BB9A04 /* MailListUITests */,
				836DA96F22A10CB100BB9A04 /* Products */,
			);
			sourceTree = "<group>";
		};
		836DA96F22A10CB100BB9A04 /* Products */ = {
			isa = PBXGroup;
			children = (
				836DA96E22A10CB100BB9A04 /* MailList.app */,
				836DA98622A10CB300BB9A04 /* MailListTests.xctest */,
				836DA99122A10CB300BB9A04 /* MailListUITests.xctest */,
			);
			name = Products;
			sourceTree = "<group>";
		};
		836DA97022A10CB100BB9A04 /* MailList */ = {
			isa = PBXGroup;
			children = (
				836DA97122A10CB100BB9A04 /* AppDelegate.h */,
				836DA97222A10CB100BB9A04 /* AppDelegate.m */,
				836DA97422A10CB100BB9A04 /* ViewController.h */,
				836DA97522A10CB100BB9A04 /* ViewController.m */,
				836DA97722A10CB100BB9A04 /* Main.storyboard */,
				836DA97A22A10CB200BB9A04 /* Assets.xcassets */,
				836DA97C22A10CB200BB9A04 /* LaunchScreen.storyboard */,
				836DA97F22A10CB200BB9A04 /* Info.plist */,
				836DA98022A10CB200BB9A04 /* main.m */,
			);
			path = MailList;
			sourceTree = "<group>";
		};
		836DA98922A10CB300BB9A04 /* MailListTests */ = {
			isa = PBXGroup;
			children = (
				836DA98A22A10CB300BB9A04 /* MailListTests.m */,
				836DA98C22A10CB300BB9A04 /* Info.plist */,
			);
			path = MailListTests;
			sourceTree = "<group>";
		};
		836DA99422A10CB300BB9A04 /* MailListUITests */ = {
			isa = PBXGroup;
			children = (
				836DA99522A10CB300BB9A04 /* MailListUITests.m */,
				836DA99722A10CB300BB9A04 /* Info.plist */,
			);
			path = MailListUITests;
			sourceTree = "<group>";
		};
/* End PBXGroup section */

/* Begin PBXNativeTarget section */
		836DA96D22A10CB100BB9A04 /* MailList */ = {
			isa = PBXNativeTarget;
			buildConfigurationList = 836DA99A22A10CB300BB9A04 /* Build configuration list for PBXNativeTarget "MailList" */;
			buildPhases = (
				836DA96A22A10CB100BB9A04 /* Sources */,
				836DA96B22A10CB100BB9A04 /* Frameworks */,
				836DA96C22A10CB100BB9A04 /* Resources */,
			);
			buildRules = (
			);
			dependencies = (
			);
			name = MailList;
			productName = MailList;
			productReference = 836DA96E22A10CB100BB9A04 /* MailList.app */;
			productType = "com.apple.product-type.application";
		};
		836DA98522A10CB300BB9A04 /* MailListTests */ = {
			isa = PBXNativeTarget;
			buildConfigurationList = 836DA99D22A10CB300BB9A04 /* Build configuration list for PBXNativeTarget "MailListTests" */;
			buildPhases = (
				836DA98222A10CB300BB9A04 /* Sources */,
				836DA98322A10CB300BB9A04 /* Frameworks */,
				836DA98422A10CB300BB9A04 /* Resources */,
			);
			buildRules = (
			);
			dependencies = (
				836DA98822A10CB300BB9A04 /* PBXTargetDependency */,
			);
			name = MailListTests;
			productName = MailListTests;
			productReference = 836DA98622A10CB300BB9A04 /* MailListTests.xctest */;
			productType = "com.apple.product-type.bundle.unit-test";
		};
		836DA99022A10CB300BB9A04 /* MailListUITests */ = {
			isa = PBXNativeTarget;
			buildConfigurationList = 836DA9A022A10CB300BB9A04 /* Build configuration list for PBXNativeTarget "MailListUITests" */;
			buildPhases = (
				836DA98D22A10CB300BB9A04 /* Sources */,
				836DA98E22A10CB300BB9A04 /* Frameworks */,
				836DA98F22A10CB300BB9A04 /* Resources */,
			);
			buildRules = (
			);
			dependencies = (
				836DA99322A10CB300BB9A04 /* PBXTargetDependency */,
			);
			name = MailListUITests;
			productName = MailListUITests;
			productReference = 836DA99122A10CB300BB9A04 /* MailListUITests.xctest */;
			productType = "com.apple.product-type.bundle.ui-testing";
		};
/* End PBXNativeTarget section */

/* Begin PBXProject section */
		836DA96622A10CB100BB9A04 /* Project object */ = {
			isa = PBXProject;
			attributes = {
				LastUpgradeCheck = 0940;
				ORGANIZATIONNAME = "中国人寿";
				TargetAttributes = {
					836DA96D22A10CB100BB9A04 = {
						CreatedOnToolsVersion = 9.4.1;
					};
					836DA98522A10CB300BB9A04 = {
						CreatedOnToolsVersion = 9.4.1;
						TestTargetID = 836DA96D22A10CB100BB9A04;
					};
					836DA99022A10CB300BB9A04 = {
						CreatedOnToolsVersion = 9.4.1;
						TestTargetID = 836DA96D22A10CB100BB9A04;
					};
				};
			};
			buildConfigurationList = 836DA96922A10CB100BB9A04 /* Build configuration list for PBXProject "MailList" */;
			compatibilityVersion = "Xcode 9.3";
			developmentRegion = en;
			hasScannedForEncodings = 0;
			knownRegions = (
				en,
				Base,
			);
			mainGroup = 836DA96522A10CB100BB9A04;
			productRefGroup = 836DA96F22A10CB100BB9A04 /* Products */;
			projectDirPath = "";
			projectRoot = "";
			targets = (
				836DA96D22A10CB100BB9A04 /* MailList */,
				836DA98522A10CB300BB9A04 /* MailListTests */,
				836DA99022A10CB300BB9A04 /* MailListUITests */,
			);
		};
/* End PBXProject section */

/* Begin PBXResourcesBuildPhase section */
		836DA96C22A10CB100BB9A04 /* Resources */ = {
			isa = PBXResourcesBuildPhase;
			buildActionMask = 2147483647;
			files = (
				836DA97E22A10CB200BB9A04 /* LaunchScreen.storyboard in Resources */,
				836DA97B22A10CB200BB9A04 /* Assets.xcassets in Resources */,
				836DA97922A10CB100BB9A04 /* Main.storyboard in Resources */,
			);
			runOnlyForDeploymentPostprocessing = 0;
		};
		836DA98422A10CB300BB9A04 /* Resources */ = {
			isa = PBXResourcesBuildPhase;
			buildActionMask = 2147483647;
			files = (
			);
			runOnlyForDeploymentPostprocessing = 0;
		};
		836DA98F22A10CB300BB9A04 /* Resources */ = {
			isa = PBXResourcesBuildPhase;
			buildActionMask = 2147483647;
			files = (
			);
			runOnlyForDeploymentPostprocessing = 0;
		};
/* End PBXResourcesBuildPhase section */

/* Begin PBXSourcesBuildPhase section */
		836DA96A22A10CB100BB9A04 /* Sources */ = {
			isa = PBXSourcesBuildPhase;
			buildActionMask = 2147483647;
			files = (
				836DA97622A10CB100BB9A04 /* ViewController.m in Sources */,
				836DA98122A10CB200BB9A04 /* main.m in Sources */,
				836DA97322A10CB100BB9A04 /* AppDelegate.m in Sources */,
			);
			runOnlyForDeploymentPostprocessing = 0;
		};
		836DA98222A10CB300BB9A04 /* Sources */ = {
			isa = PBXSourcesBuildPhase;
			buildActionMask = 2147483647;
			files = (
				836DA98B22A10CB300BB9A04 /* MailListTests.m in Sources */,
			);
			runOnlyForDeploymentPostprocessing = 0;
		};
		836DA98D22A10CB300BB9A04 /* Sources */ = {
			isa = PBXSourcesBuildPhase;
			buildActionMask = 2147483647;
			files = (
				836DA99622A10CB300BB9A04 /* MailListUITests.m in Sources */,
			);
			runOnlyForDeploymentPostprocessing = 0;
		};
/* End PBXSourcesBuildPhase section */

/* Begin PBXTargetDependency section */
		836DA98822A10CB300BB9A04 /* PBXTargetDependency */ = {
			isa = PBXTargetDependency;
			target = 836DA96D22A10CB100BB9A04 /* MailList */;
			targetProxy = 836DA98722A10CB300BB9A04 /* PBXContainerItemProxy */;
		};
		836DA99322A10CB300BB9A04 /* PBXTargetDependency */ = {
			isa = PBXTargetDependency;
			target = 836DA96D22A10CB100BB9A04 /* MailList */;
			targetProxy = 836DA99222A10CB300BB9A04 /* PBXContainerItemProxy */;
		};
/* End PBXTargetDependency section */

/* Begin PBXVariantGroup section */
		836DA97722A10CB100BB9A04 /* Main.storyboard */ = {
			isa = PBXVariantGroup;
			children = (
				836DA97822A10CB100BB9A04 /* Base */,
			);
			name = Main.storyboard;
			sourceTree = "<group>";
		};
		836DA97C22A10CB200BB9A04 /* LaunchScreen.storyboard */ = {
			isa = PBXVariantGroup;
			children = (
				836DA97D22A10CB200BB9A04 /* Base */,
			);
			name = LaunchScreen.storyboard;
			sourceTree = "<group>";
		};
/* End PBXVariantGroup section */

/* Begin XCBuildConfiguration section */
		836DA99822A10CB300BB9A04 /* Debug */ = {
			isa = XCBuildConfiguration;
			buildSettings = {
				ALWAYS_SEARCH_USER_PATHS = NO;
				CLANG_ANALYZER_NONNULL = YES;
				CLANG_ANALYZER_NUMBER_OBJECT_CONVERSION = YES_AGGRESSIVE;
				CLANG_CXX_LANGUAGE_STANDARD = "gnu++14";
				CLANG_CXX_LIBRARY = "libc++";
				CLANG_ENABLE_MODULES = YES;
				CLANG_ENABLE_OBJC_ARC = YES;
				CLANG_ENABLE_OBJC_WEAK = YES;
				CLANG_WARN_BLOCK_CAPTURE_AUTORELEASING = YES;
				CLANG_WARN_BOOL_CONVERSION = YES;
				CLANG_WARN_COMMA = YES;
				CLANG_WARN_CONSTANT_CONVERSION = YES;
				CLANG_WARN_DEPRECATED_OBJC_IMPLEMENTATIONS = YES;
				CLANG_WARN_DIRECT_OBJC_ISA_USAGE = YES_ERROR;
				CLANG_WARN_DOCUMENTATION_COMMENTS = YES;
				CLANG_WARN_EMPTY_BODY = YES;
				CLANG_WARN_ENUM_CONVERSION = YES;
				CLANG_WARN_INFINITE_RECURSION = YES;
				CLANG_WARN_INT_CONVERSION = YES;
				CLANG_WARN_NON_LITERAL_NULL_CONVERSION = YES;
				CLANG_WARN_OBJC_IMPLICIT_RETAIN_SELF = YES;
				CLANG_WARN_OBJC_LITERAL_CONVERSION = YES;
				CLANG_WARN_OBJC_ROOT_CLASS = YES_ERROR;
				CLANG_WARN_RANGE_LOOP_ANALYSIS = YES;
				CLANG_WARN_STRICT_PROTOTYPES = YES;
				CLANG_WARN_SUSPICIOUS_MOVE = YES;
				CLANG_WARN_UNGUARDED_AVAILABILITY = YES_AGGRESSIVE;
				CLANG_WARN_UNREACHABLE_CODE = YES;
				CLANG_WARN__DUPLICATE_METHOD_MATCH = YES;
				CODE_SIGN_IDENTITY = "iPhone Developer";
				COPY_PHASE_STRIP = NO;
				DEBUG_INFORMATION_FORMAT = dwarf;
				ENABLE_STRICT_OBJC_MSGSEND = YES;
				ENABLE_TESTABILITY = YES;
				GCC_C_LANGUAGE_STANDARD = gnu11;
				GCC_DYNAMIC_NO_PIC = NO;
				GCC_NO_COMMON_BLOCKS = YES;
				GCC_OPTIMIZATION_LEVEL = 0;
				GCC_PREPROCESSOR_DEFINITIONS = (
					"DEBUG=1",
					"$(inherited)",
				);
				GCC_WARN_64_TO_32_BIT_CONVERSION = YES;
				GCC_WARN_ABOUT_RETURN_TYPE = YES_ERROR;
				GCC_WARN_UNDECLARED_SELECTOR = YES;
				GCC_WARN_UNINITIALIZED_AUTOS = YES_AGGRESSIVE;
				GCC_WARN_UNUSED_FUNCTION = YES;
				GCC_WARN_UNUSED_VARIABLE = YES;
				IPHONEOS_DEPLOYMENT_TARGET = 11.4;
				MTL_ENABLE_DEBUG_INFO = YES;
				ONLY_ACTIVE_ARCH = YES;
				SDKROOT = iphoneos;
			};
			name = Debug;
		};
		836DA99922A10CB300BB9A04 /* Release */ = {
			isa = XCBuildConfiguration;
			buildSettings = {
				ALWAYS_SEARCH_USER_PATHS = NO;
				CLANG_ANALYZER_NONNULL = YES;
				CLANG_ANALYZER_NUMBER_OBJECT_CONVERSION = YES_AGGRESSIVE;
				CLANG_CXX_LANGUAGE_STANDARD = "gnu++14";
				CLANG_CXX_LIBRARY = "libc++";
				CLANG_ENABLE_MODULES = YES;
				CLANG_ENABLE_OBJC_ARC = YES;
				CLANG_ENABLE_OBJC_WEAK = YES;
				CLANG_WARN_BLOCK_CAPTURE_AUTORELEASING = YES;
				CLANG_WARN_BOOL_CONVERSION = YES;
				CLANG_WARN_COMMA = YES;
				CLANG_WARN_CONSTANT_CONVERSION = YES;
				CLANG_WARN_DEPRECATED_OBJC_IMPLEMENTATIONS = YES;
				CLANG_WARN_DIRECT_OBJC_ISA_USAGE = YES_ERROR;
				CLANG_WARN_DOCUMENTATION_COMMENTS = YES;
				CLANG_WARN_EMPTY_BODY = YES;
				CLANG_WARN_ENUM_CONVERSION = YES;
				CLANG_WARN_INFINITE_RECURSION = YES;
				CLANG_WARN_INT_CONVERSION = YES;
				CLANG_WARN_NON_LITERAL_NULL_CONVERSION = YES;
				CLANG_WARN_OBJC_IMPLICIT_RETAIN_SELF = YES;
				CLANG_WARN_OBJC_LITERAL_CONVERSION = YES;
				CLANG_WARN_OBJC_ROOT_CLASS = YES_ERROR;
				CLANG_WARN_RANGE_LOOP_ANALYSIS = YES;
				CLANG_WARN_STRICT_PROTOTYPES = YES;
				CLANG_WARN_SUSPICIOUS_MOVE = YES;
				CLANG_WARN_UNGUARDED_AVAILABILITY = YES_AGGRESSIVE;
				CLANG_WARN_UNREACHABLE_CODE = YES;
				CLANG_WARN__DUPLICATE_METHOD_MATCH = YES;
				CODE_SIGN_IDENTITY = "iPhone Developer";
				COPY_PHASE_STRIP = NO;
				DEBUG_INFORMATION_FORMAT = "dwarf-with-dsym";
				ENABLE_NS_ASSERTIONS = NO;
				ENABLE_STRICT_OBJC_MSGSEND = YES;
				GCC_C_LANGUAGE_STANDARD = gnu11;
				GCC_NO_COMMON_BLOCKS = YES;
				GCC_WARN_64_TO_32_BIT_CONVERSION = YES;
				GCC_WARN_ABOUT_RETURN_TYPE = YES_ERROR;
				GCC_WARN_UNDECLARED_SELECTOR = YES;
				GCC_WARN_UNINITIALIZED_AUTOS = YES_AGGRESSIVE;
				GCC_WARN_UNUSED_FUNCTION = YES;
				GCC_WARN_UNUSED_VARIABLE = YES;
				IPHONEOS_DEPLOYMENT_TARGET = 11.4;
				MTL_ENABLE_DEBUG_INFO = NO;
				SDKROOT = iphoneos;
				VALIDATE_PRODUCT = YES;
			};
			name = Release;
		};
		836DA99B22A10CB300BB9A04 /* Debug */ = {
			isa = XCBuildConfiguration;
			buildSettings = {
				ASSETCATALOG_COMPILER_APPICON_NAME = AppIcon;
				CODE_SIGN_STYLE = Automatic;
				DEVELOPMENT_TEAM = 3BPVDYRLER;
				INFOPLIST_FILE = MailList/Info.plist;
				LD_RUNPATH_SEARCH_PATHS = (
					"$(inherited)",
					"@executable_path/Frameworks",
				);
				PRODUCT_BUNDLE_IDENTIFIER = cn.jiangwei.Demo1;
				PRODUCT_NAME = "$(TARGET_NAME)";
				TARGETED_DEVICE_FAMILY = "1,2";
			};
			name = Debug;
		};
		836DA99C22A10CB300BB9A04 /* Release */ = {
			isa = XCBuildConfiguration;
			buildSettings = {
				ASSETCATALOG_COMPILER_APPICON_NAME = AppIcon;
				CODE_SIGN_STYLE = Automatic;
				DEVELOPMENT_TEAM = 3BPVDYRLER;
				INFOPLIST_FILE = MailList/Info.plist;
				LD_RUNPATH_SEARCH_PATHS = (
					"$(inherited)",
					"@executable_path/Frameworks",
				);
				PRODUCT_BUNDLE_IDENTIFIER = cn.jiangwei.Demo1;
				PRODUCT_NAME = "$(TARGET_NAME)";
				TARGETED_DEVICE_FAMILY = "1,2";
			};
			name = Release;
		};
		836DA99E22A10CB300BB9A04 /* Debug */ = {
			isa = XCBuildConfiguration;
			buildSettings = {
				BUNDLE_LOADER = "$(TEST_HOST)";
				CODE_SIGN_STYLE = Automatic;
				DEVELOPMENT_TEAM = HAS7RS9NQ2;
				INFOPLIST_FILE = MailListTests/Info.plist;
				LD_RUNPATH_SEARCH_PATHS = (
					"$(inherited)",
					"@executable_path/Frameworks",
					"@loader_path/Frameworks",
				);
				PRODUCT_BUNDLE_IDENTIFIER = com.chinalife.MailListTests;
				PRODUCT_NAME = "$(TARGET_NAME)";
				TARGETED_DEVICE_FAMILY = "1,2";
				TEST_HOST = "$(BUILT_PRODUCTS_DIR)/MailList.app/MailList";
			};
			name = Debug;
		};
		836DA99F22A10CB300BB9A04 /* Release */ = {
			isa = XCBuildConfiguration;
			buildSettings = {
				BUNDLE_LOADER = "$(TEST_HOST)";
				CODE_SIGN_STYLE = Automatic;
				DEVELOPMENT_TEAM = HAS7RS9NQ2;
				INFOPLIST_FILE = MailListTests/Info.plist;
				LD_RUNPATH_SEARCH_PATHS = (
					"$(inherited)",
					"@executable_path/Frameworks",
					"@loader_path/Frameworks",
				);
				PRODUCT_BUNDLE_IDENTIFIER = com.chinalife.MailListTests;
				PRODUCT_NAME = "$(TARGET_NAME)";
				TARGETED_DEVICE_FAMILY = "1,2";
				TEST_HOST = "$(BUILT_PRODUCTS_DIR)/MailList.app/MailList";
			};
			name = Release;
		};
		836DA9A122A10CB300BB9A04 /* Debug */ = {
			isa = XCBuildConfiguration;
			buildSettings = {
				CODE_SIGN_STYLE = Automatic;
				DEVELOPMENT_TEAM = HAS7RS9NQ2;
				INFOPLIST_FILE = MailListUITests/Info.plist;
				LD_RUNPATH_SEARCH_PATHS = (
					"$(inherited)",
					"@executable_path/Frameworks",
					"@loader_path/Frameworks",
				);
				PRODUCT_BUNDLE_IDENTIFIER = com.chinalife.MailListUITests;
				PRODUCT_NAME = "$(TARGET_NAME)";
				TARGETED_DEVICE_FAMILY = "1,2";
				TEST_TARGET_NAME = MailList;
			};
			name = Debug;
		};
		836DA9A222A10CB300BB9A04 /* Release */ = {
			isa = XCBuildConfiguration;
			buildSettings = {
				CODE_SIGN_STYLE = Automatic;
				DEVELOPMENT_TEAM = HAS7RS9NQ2;
				INFOPLIST_FILE = MailListUITests/Info.plist;
				LD_RUNPATH_SEARCH_PATHS = (
					"$(inherited)",
					"@executable_path/Frameworks",
					"@loader_path/Frameworks",
				);
				PRODUCT_BUNDLE_IDENTIFIER = com.chinalife.MailListUITests;
				PRODUCT_NAME = "$(TARGET_NAME)";
				TARGETED_DEVICE_FAMILY = "1,2";
				TEST_TARGET_NAME = MailList;
			};
			name = Release;
		};
/* End XCBuildConfiguration section */

/* Begin XCConfigurationList section */
		836DA96922A10CB100BB9A04 /* Build configuration list for PBXProject "MailList" */ = {
			isa = XCConfigurationList;
			buildConfigurations = (
				836DA99822A10CB300BB9A04 /* Debug */,
				836DA99922A10CB300BB9A04 /* Release */,
			);
			defaultConfigurationIsVisible = 0;
			defaultConfigurationName = Release;
		};
		836DA99A22A10CB300BB9A04 /* Build configuration list for PBXNativeTarget "MailList" */ = {
			isa = XCConfigurationList;
			buildConfigurations = (
				836DA99B22A10CB300BB9A04 /* Debug */,
				836DA99C22A10CB300BB9A04 /* Release */,
			);
			defaultConfigurationIsVisible = 0;
			defaultConfigurationName = Release;
		};
		836DA99D22A10CB300BB9A04 /* Build configuration list for PBXNativeTarget "MailListTests" */ = {
			isa = XCConfigurationList;
			buildConfigurations = (
				836DA99E22A10CB300BB9A04 /* Debug */,
				836DA99F22A10CB300BB9A04 /* Release */,
			);
			defaultConfigurationIsVisible = 0;
			defaultConfigurationName = Release;
		};
		836DA9A022A10CB300BB9A04 /* Build configuration list for PBXNativeTarget "MailListUITests" */ = {
			isa = XCConfigurationList;
			buildConfigurations = (
				836DA9A122A10CB300BB9A04 /* Debug */,
				836DA9A222A10CB300BB9A04 /* Release */,
			);
			defaultConfigurationIsVisible = 0;
			defaultConfigurationName = Release;
		};
/* End XCConfigurationList section */
	};
	rootObject = 836DA96622A10CB100BB9A04 /* Project object */;
}
